
Microsoft Visual Studio Solution File, Format Version 12.00
# Visual Studio Version 17
VisualStudioVersion = 17.6.33723.286
MinimumVisualStudioVersion = 10.0.40219.1
Project("{FAE04EC0-301F-11D3-BF4B-00C04F79EFBC}") = "Productpage", "Productpage.csproj", "{89E3655B-9A2C-469A-A18B-81303209277B}"
EndProject
Global
	GlobalSection(SolutionConfigurationPlatforms) = preSolution
		Debug|Any CPU = Debug|Any CPU
		Release|Any CPU = Release|Any CPU
	EndGlobalSection
	GlobalSection(ProjectConfigurationPlatforms) = postSolution
		{89E3655B-9A2C-469A-A18B-81303209277B}.Debug|Any CPU.ActiveCfg = Debug|Any CPU
		{89E3655B-9A2C-469A-A18B-81303209277B}.Debug|Any CPU.Build.0 = Debug|Any CPU
		{89E3655B-9A2C-469A-A18B-81303209277B}.Release|Any CPU.ActiveCfg = Release|Any CPU
		{89E3655B-9A2C-469A-A18B-81303209277B}.Release|Any CPU.Build.0 = Release|Any CPU
	EndGlobalSection
	GlobalSection(SolutionProperties) = preSolution
		HideSolutionNode = FALSE
	EndGlobalSection
	GlobalSection(ExtensibilityGlobals) = postSolution
		SolutionGuid = {48F604FD-5DF3-4666-B402-89F6F1290EB1}
	EndGlobalSection
EndGlobal
